
Microsoft Visual Studio Solution File, Format Version 12.00
# Visual Studio Version 16
VisualStudioVersion = 16.0.31624.102
MinimumVisualStudioVersion = 10.0.40219.1
Project("{8BC9CEB8-8B4A-11D0-8D11-00A0C91BC942}") = "nBodyWindows", "nBodyWindows\nBodyWindows.vcxproj", "{6FFABCA0-E064-4735-AFB2-26DFBE7DA9F8}"
EndProject
Global
	GlobalSection(SolutionConfigurationPlatforms) = preSolution
		Debug|x64 = Debug|x64
		Debug|x86 = Debug|x86
		Release|x64 = Release|x64
		Release|x86 = Release|x86
	EndGlobalSection
	GlobalSection(ProjectConfigurationPlatforms) = postSolution
		{6FFABCA0-E064-4735-AFB2-26DFBE7DA9F8}.Debug|x64.ActiveCfg = Debug|x64
		{6FFABCA0-E064-4735-AFB2-26DFBE7DA9F8}.Debug|x64.Build.0 = Debug|x64
		{6FFABCA0-E064-4735-AFB2-26DFBE7DA9F8}.Debug|x86.ActiveCfg = Debug|Win32
		{6FFABCA0-E064-4735-AFB2-26DFBE7DA9F8}.Debug|x86.Build.0 = Debug|Win32
		{6FFABCA0-E064-4735-AFB2-26DFBE7DA9F8}.Release|x64.ActiveCfg = Release|x64
		{6FFABCA0-E064-4735-AFB2-26DFBE7DA9F8}.Release|x64.Build.0 = Release|x64
		{6FFABCA0-E064-4735-AFB2-26DFBE7DA9F8}.Release|x86.ActiveCfg = Release|Win32
		{6FFABCA0-E064-4735-AFB2-26DFBE7DA9F8}.Release|x86.Build.0 = Release|Win32
	EndGlobalSection
	GlobalSection(SolutionProperties) = preSolution
		HideSolutionNode = FALSE
	EndGlobalSection
	GlobalSection(ExtensibilityGlobals) = postSolution
		SolutionGuid = {F0F2B195-3C5F-4717-802F-4A50FCFE7F64}
	EndGlobalSection
EndGlobal
