
Microsoft Visual Studio Solution File, Format Version 12.00
# Visual Studio Version 16
VisualStudioVersion = 16.0.31624.102
MinimumVisualStudioVersion = 10.0.40219.1
Project("{8BC9CEB8-8B4A-11D0-8D11-00A0C91BC942}") = "ComputationEngineLibrary", "ComputationEngineLibrary\ComputationEngineLibrary.vcxproj", "{4CB8E74E-FEF0-48A7-9B4B-5B5B0A74A597}"
EndProject
Project("{8BC9CEB8-8B4A-11D0-8D11-00A0C91BC942}") = "UnitTests", "UnitTests\UnitTests.vcxproj", "{0FACF041-60C2-41DC-BDB8-6B75A8886B86}"
EndProject
Global
	GlobalSection(SolutionConfigurationPlatforms) = preSolution
		Debug|x64 = Debug|x64
		Debug|x86 = Debug|x86
		Release|x64 = Release|x64
		Release|x86 = Release|x86
	EndGlobalSection
	GlobalSection(ProjectConfigurationPlatforms) = postSolution
		{4CB8E74E-FEF0-48A7-9B4B-5B5B0A74A597}.Debug|x64.ActiveCfg = Debug|x64
		{4CB8E74E-FEF0-48A7-9B4B-5B5B0A74A597}.Debug|x64.Build.0 = Debug|x64
		{4CB8E74E-FEF0-48A7-9B4B-5B5B0A74A597}.Debug|x86.ActiveCfg = Debug|Win32
		{4CB8E74E-FEF0-48A7-9B4B-5B5B0A74A597}.Debug|x86.Build.0 = Debug|Win32
		{4CB8E74E-FEF0-48A7-9B4B-5B5B0A74A597}.Release|x64.ActiveCfg = Release|x64
		{4CB8E74E-FEF0-48A7-9B4B-5B5B0A74A597}.Release|x64.Build.0 = Release|x64
		{4CB8E74E-FEF0-48A7-9B4B-5B5B0A74A597}.Release|x86.ActiveCfg = Release|Win32
		{4CB8E74E-FEF0-48A7-9B4B-5B5B0A74A597}.Release|x86.Build.0 = Release|Win32
		{0FACF041-60C2-41DC-BDB8-6B75A8886B86}.Debug|x64.ActiveCfg = Debug|x64
		{0FACF041-60C2-41DC-BDB8-6B75A8886B86}.Debug|x64.Build.0 = Debug|x64
		{0FACF041-60C2-41DC-BDB8-6B75A8886B86}.Debug|x86.ActiveCfg = Debug|Win32
		{0FACF041-60C2-41DC-BDB8-6B75A8886B86}.Debug|x86.Build.0 = Debug|Win32
		{0FACF041-60C2-41DC-BDB8-6B75A8886B86}.Release|x64.ActiveCfg = Release|x64
		{0FACF041-60C2-41DC-BDB8-6B75A8886B86}.Release|x64.Build.0 = Release|x64
		{0FACF041-60C2-41DC-BDB8-6B75A8886B86}.Release|x86.ActiveCfg = Release|Win32
		{0FACF041-60C2-41DC-BDB8-6B75A8886B86}.Release|x86.Build.0 = Release|Win32
	EndGlobalSection
	GlobalSection(SolutionProperties) = preSolution
		HideSolutionNode = FALSE
	EndGlobalSection
	GlobalSection(ExtensibilityGlobals) = postSolution
		SolutionGuid = {40334F4A-5029-4614-B296-17191394CEFC}
	EndGlobalSection
EndGlobal
